// !$*UTF8*$!
{
	archiveVersion = 1;
	classes = {
	};
	objectVersion = 46;
	objects = {

/* Begin PBXBuildFile section */
		A0D7D8AB1A232988003D2E61 /* AppDelegate.swift in Sources */ = {isa = PBXBuildFile; fileRef = A0D7D8AA1A232988003D2E61 /* AppDelegate.swift */; };
		A0D7D8AD1A232988003D2E61 /* LandingViewController.swift in Sources */ = {isa = PBXBuildFile; fileRef = A0D7D8AC1A232988003D2E61 /* LandingViewController.swift */; };
		A0D7D8B01A232988003D2E61 /* Main.storyboard in Resources */ = {isa = PBXBuildFile; fileRef = A0D7D8AE1A232988003D2E61 /* Main.storyboard */; };
		A0D7D8B21A232988003D2E61 /* Images.xcassets in Resources */ = {isa = PBXBuildFile; fileRef = A0D7D8B11A232988003D2E61 /* Images.xcassets */; };
		A0D7D8B51A232988003D2E61 /* LaunchScreen.xib in Resources */ = {isa = PBXBuildFile; fileRef = A0D7D8B31A232988003D2E61 /* LaunchScreen.xib */; };
		A0D7D8C11A232988003D2E61 /* bazrTests.swift in Sources */ = {isa = PBXBuildFile; fileRef = A0D7D8C01A232988003D2E61 /* bazrTests.swift */; };
		A0D7D8CE1A2329BD003D2E61 /* Bolts.framework in Frameworks */ = {isa = PBXBuildFile; fileRef = A0D7D8CB1A2329BD003D2E61 /* Bolts.framework */; };
		A0D7D8CF1A2329BD003D2E61 /* Parse.framework in Frameworks */ = {isa = PBXBuildFile; fileRef = A0D7D8CC1A2329BD003D2E61 /* Parse.framework */; };
		A0D7D8D01A2329BD003D2E61 /* ParseFacebookUtils.framework in Frameworks */ = {isa = PBXBuildFile; fileRef = A0D7D8CD1A2329BD003D2E61 /* ParseFacebookUtils.framework */; };
		A0D7D8D21A232A1E003D2E61 /* AudioToolbox.framework in Frameworks */ = {isa = PBXBuildFile; fileRef = A0D7D8D11A232A1E003D2E61 /* AudioToolbox.framework */; };
		A0D7D8D41A232A3A003D2E61 /* CFNetwork.framework in Frameworks */ = {isa = PBXBuildFile; fileRef = A0D7D8D31A232A3A003D2E61 /* CFNetwork.framework */; };
		A0D7D8D61A232A43003D2E61 /* CoreGraphics.framework in Frameworks */ = {isa = PBXBuildFile; fileRef = A0D7D8D51A232A43003D2E61 /* CoreGraphics.framework */; };
		A0D7D8D81A232A4D003D2E61 /* CoreLocation.framework in Frameworks */ = {isa = PBXBuildFile; fileRef = A0D7D8D71A232A4D003D2E61 /* CoreLocation.framework */; };
		A0D7D8DA1A232A68003D2E61 /* libz.dylib in Frameworks */ = {isa = PBXBuildFile; fileRef = A0D7D8D91A232A68003D2E61 /* libz.dylib */; };
		A0D7D8DC1A232A76003D2E61 /* MobileCoreServices.framework in Frameworks */ = {isa = PBXBuildFile; fileRef = A0D7D8DB1A232A76003D2E61 /* MobileCoreServices.framework */; };
		A0D7D8DE1A232A81003D2E61 /* QuartzCore.framework in Frameworks */ = {isa = PBXBuildFile; fileRef = A0D7D8DD1A232A81003D2E61 /* QuartzCore.framework */; };
		A0D7D8E01A232A8D003D2E61 /* Security.framework in Frameworks */ = {isa = PBXBuildFile; fileRef = A0D7D8DF1A232A8D003D2E61 /* Security.framework */; };
		A0D7D8E21A232A94003D2E61 /* StoreKit.framework in Frameworks */ = {isa = PBXBuildFile; fileRef = A0D7D8E11A232A94003D2E61 /* StoreKit.framework */; };
		A0D7D8E41A232A9E003D2E61 /* SystemConfiguration.framework in Frameworks */ = {isa = PBXBuildFile; fileRef = A0D7D8E31A232A9E003D2E61 /* SystemConfiguration.framework */; };
		A0D7D8E61A232AEC003D2E61 /* Foundation.framework in Frameworks */ = {isa = PBXBuildFile; fileRef = A0D7D8E51A232AEC003D2E61 /* Foundation.framework */; };
		A0D7D8E81A232AF4003D2E61 /* UIKit.framework in Frameworks */ = {isa = PBXBuildFile; fileRef = A0D7D8E71A232AF4003D2E61 /* UIKit.framework */; };
		A0D7D8EA1A232B02003D2E61 /* MapKit.framework in Frameworks */ = {isa = PBXBuildFile; fileRef = A0D7D8E91A232B02003D2E61 /* MapKit.framework */; };
		A0D7D8F01A232CF8003D2E61 /* FacebookSDK.framework in Frameworks */ = {isa = PBXBuildFile; fileRef = A0D7D8EF1A232CF8003D2E61 /* FacebookSDK.framework */; };
		A0D7D8F71A232EEA003D2E61 /* MKButton.swift in Sources */ = {isa = PBXBuildFile; fileRef = A0D7D8F21A232EEA003D2E61 /* MKButton.swift */; };
		A0D7D8F81A232EEA003D2E61 /* MKColor.swift in Sources */ = {isa = PBXBuildFile; fileRef = A0D7D8F31A232EEA003D2E61 /* MKColor.swift */; };
		A0D7D8F91A232EEA003D2E61 /* MKLayer.swift in Sources */ = {isa = PBXBuildFile; fileRef = A0D7D8F41A232EEA003D2E61 /* MKLayer.swift */; };
		A0D7D8FA1A232EEA003D2E61 /* MKTableViewCell.swift in Sources */ = {isa = PBXBuildFile; fileRef = A0D7D8F51A232EEA003D2E61 /* MKTableViewCell.swift */; };
		A0D7D8FB1A232EEA003D2E61 /* MKTextField.swift in Sources */ = {isa = PBXBuildFile; fileRef = A0D7D8F61A232EEA003D2E61 /* MKTextField.swift */; };
		A0D7D9001A233256003D2E61 /* MainViewController.swift in Sources */ = {isa = PBXBuildFile; fileRef = A0D7D8FF1A233256003D2E61 /* MainViewController.swift */; };
/* End PBXBuildFile section */

/* Begin PBXContainerItemProxy section */
		A0D7D8BB1A232988003D2E61 /* PBXContainerItemProxy */ = {
			isa = PBXContainerItemProxy;
			containerPortal = A0D7D89D1A232988003D2E61 /* Project object */;
			proxyType = 1;
			remoteGlobalIDString = A0D7D8A41A232988003D2E61;
			remoteInfo = bazr;
		};
/* End PBXContainerItemProxy section */

/* Begin PBXFileReference section */
		A08717E11A24305900378291 /* myPG.playground */ = {isa = PBXFileReference; lastKnownFileType = file.playground; path = myPG.playground; sourceTree = "<group>"; };
		A0D7D8A51A232988003D2E61 /* bazr.app */ = {isa = PBXFileReference; explicitFileType = wrapper.application; includeInIndex = 0; path = bazr.app; sourceTree = BUILT_PRODUCTS_DIR; };
		A0D7D8A91A232988003D2E61 /* Info.plist */ = {isa = PBXFileReference; lastKnownFileType = text.plist.xml; path = Info.plist; sourceTree = "<group>"; };
		A0D7D8AA1A232988003D2E61 /* AppDelegate.swift */ = {isa = PBXFileReference; lastKnownFileType = sourcecode.swift; path = AppDelegate.swift; sourceTree = "<group>"; };
		A0D7D8AC1A232988003D2E61 /* LandingViewController.swift */ = {isa = PBXFileReference; lastKnownFileType = sourcecode.swift; path = LandingViewController.swift; sourceTree = "<group>"; };
		A0D7D8AF1A232988003D2E61 /* Base */ = {isa = PBXFileReference; lastKnownFileType = file.storyboard; name = Base; path = Base.lproj/Main.storyboard; sourceTree = "<group>"; };
		A0D7D8B11A232988003D2E61 /* Images.xcassets */ = {isa = PBXFileReference; lastKnownFileType = folder.assetcatalog; path = Images.xcassets; sourceTree = "<group>"; };
		A0D7D8B41A232988003D2E61 /* Base */ = {isa = PBXFileReference; lastKnownFileType = file.xib; name = Base; path = Base.lproj/LaunchScreen.xib; sourceTree = "<group>"; };
		A0D7D8BA1A232988003D2E61 /* bazrTests.xctest */ = {isa = PBXFileReference; explicitFileType = wrapper.cfbundle; includeInIndex = 0; path = bazrTests.xctest; sourceTree = BUILT_PRODUCTS_DIR; };
		A0D7D8BF1A232988003D2E61 /* Info.plist */ = {isa = PBXFileReference; lastKnownFileType = text.plist.xml; path = Info.plist; sourceTree = "<group>"; };
		A0D7D8C01A232988003D2E61 /* bazrTests.swift */ = {isa = PBXFileReference; lastKnownFileType = sourcecode.swift; path = bazrTests.swift; sourceTree = "<group>"; };
		A0D7D8CB1A2329BD003D2E61 /* Bolts.framework */ = {isa = PBXFileReference; lastKnownFileType = wrapper.framework; path = Bolts.framework; sourceTree = "<group>"; };
		A0D7D8CC1A2329BD003D2E61 /* Parse.framework */ = {isa = PBXFileReference; lastKnownFileType = wrapper.framework; path = Parse.framework; sourceTree = "<group>"; };
		A0D7D8CD1A2329BD003D2E61 /* ParseFacebookUtils.framework */ = {isa = PBXFileReference; lastKnownFileType = wrapper.framework; path = ParseFacebookUtils.framework; sourceTree = "<group>"; };
		A0D7D8D11A232A1E003D2E61 /* AudioToolbox.framework */ = {isa = PBXFileReference; lastKnownFileType = wrapper.framework; name = AudioToolbox.framework; path = System/Library/Frameworks/AudioToolbox.framework; sourceTree = SDKROOT; };
		A0D7D8D31A232A3A003D2E61 /* CFNetwork.framework */ = {isa = PBXFileReference; lastKnownFileType = wrapper.framework; name = CFNetwork.framework; path = System/Library/Frameworks/CFNetwork.framework; sourceTree = SDKROOT; };
		A0D7D8D51A232A43003D2E61 /* CoreGraphics.framework */ = {isa = PBXFileReference; lastKnownFileType = wrapper.framework; name = CoreGraphics.framework; path = System/Library/Frameworks/CoreGraphics.framework; sourceTree = SDKROOT; };
		A0D7D8D71A232A4D003D2E61 /* CoreLocation.framework */ = {isa = PBXFileReference; lastKnownFileType = wrapper.framework; name = CoreLocation.framework; path = System/Library/Frameworks/CoreLocation.framework; sourceTree = SDKROOT; };
		A0D7D8D91A232A68003D2E61 /* libz.dylib */ = {isa = PBXFileReference; lastKnownFileType = "compiled.mach-o.dylib"; name = libz.dylib; path = usr/lib/libz.dylib; sourceTree = SDKROOT; };
		A0D7D8DB1A232A76003D2E61 /* MobileCoreServices.framework */ = {isa = PBXFileReference; lastKnownFileType = wrapper.framework; name = MobileCoreServices.framework; path = System/Library/Frameworks/MobileCoreServices.framework; sourceTree = SDKROOT; };
		A0D7D8DD1A232A81003D2E61 /* QuartzCore.framework */ = {isa = PBXFileReference; lastKnownFileType = wrapper.framework; name = QuartzCore.framework; path = System/Library/Frameworks/QuartzCore.framework; sourceTree = SDKROOT; };
		A0D7D8DF1A232A8D003D2E61 /* Security.framework */ = {isa = PBXFileReference; lastKnownFileType = wrapper.framework; name = Security.framework; path = System/Library/Frameworks/Security.framework; sourceTree = SDKROOT; };
		A0D7D8E11A232A94003D2E61 /* StoreKit.framework */ = {isa = PBXFileReference; lastKnownFileType = wrapper.framework; name = StoreKit.framework; path = System/Library/Frameworks/StoreKit.framework; sourceTree = SDKROOT; };
		A0D7D8E31A232A9E003D2E61 /* SystemConfiguration.framework */ = {isa = PBXFileReference; lastKnownFileType = wrapper.framework; name = SystemConfiguration.framework; path = System/Library/Frameworks/SystemConfiguration.framework; sourceTree = SDKROOT; };
		A0D7D8E51A232AEC003D2E61 /* Foundation.framework */ = {isa = PBXFileReference; lastKnownFileType = wrapper.framework; name = Foundation.framework; path = System/Library/Frameworks/Foundation.framework; sourceTree = SDKROOT; };
		A0D7D8E71A232AF4003D2E61 /* UIKit.framework */ = {isa = PBXFileReference; lastKnownFileType = wrapper.framework; name = UIKit.framework; path = System/Library/Frameworks/UIKit.framework; sourceTree = SDKROOT; };
		A0D7D8E91A232B02003D2E61 /* MapKit.framework */ = {isa = PBXFileReference; lastKnownFileType = wrapper.framework; name = MapKit.framework; path = System/Library/Frameworks/MapKit.framework; sourceTree = SDKROOT; };
		A0D7D8EB1A232B58003D2E61 /* bazr-Bridging-Header.h */ = {isa = PBXFileReference; lastKnownFileType = sourcecode.c.h; path = "bazr-Bridging-Header.h"; sourceTree = "<group>"; };
		A0D7D8EF1A232CF8003D2E61 /* FacebookSDK.framework */ = {isa = PBXFileReference; lastKnownFileType = wrapper.framework; path = FacebookSDK.framework; sourceTree = "<group>"; };
		A0D7D8F21A232EEA003D2E61 /* MKButton.swift */ = {isa = PBXFileReference; fileEncoding = 4; lastKnownFileType = sourcecode.swift; path = MKButton.swift; sourceTree = "<group>"; };
		A0D7D8F31A232EEA003D2E61 /* MKColor.swift */ = {isa = PBXFileReference; fileEncoding = 4; lastKnownFileType = sourcecode.swift; path = MKColor.swift; sourceTree = "<group>"; };
		A0D7D8F41A232EEA003D2E61 /* MKLayer.swift */ = {isa = PBXFileReference; fileEncoding = 4; lastKnownFileType = sourcecode.swift; path = MKLayer.swift; sourceTree = "<group>"; };
		A0D7D8F51A232EEA003D2E61 /* MKTableViewCell.swift */ = {isa = PBXFileReference; fileEncoding = 4; lastKnownFileType = sourcecode.swift; path = MKTableViewCell.swift; sourceTree = "<group>"; };
		A0D7D8F61A232EEA003D2E61 /* MKTextField.swift */ = {isa = PBXFileReference; fileEncoding = 4; lastKnownFileType = sourcecode.swift; path = MKTextField.swift; sourceTree = "<group>"; };
		A0D7D8FF1A233256003D2E61 /* MainViewController.swift */ = {isa = PBXFileReference; fileEncoding = 4; lastKnownFileType = sourcecode.swift; path = MainViewController.swift; sourceTree = "<group>"; };
/* End PBXFileReference section */

/* Begin PBXFrameworksBuildPhase section */
		A0D7D8A21A232988003D2E61 /* Frameworks */ = {
			isa = PBXFrameworksBuildPhase;
			buildActionMask = 2147483647;
			files = (
				A0D7D8D81A232A4D003D2E61 /* CoreLocation.framework in Frameworks */,
				A0D7D8EA1A232B02003D2E61 /* MapKit.framework in Frameworks */,
				A0D7D8E81A232AF4003D2E61 /* UIKit.framework in Frameworks */,
				A0D7D8E61A232AEC003D2E61 /* Foundation.framework in Frameworks */,
				A0D7D8E41A232A9E003D2E61 /* SystemConfiguration.framework in Frameworks */,
				A0D7D8E21A232A94003D2E61 /* StoreKit.framework in Frameworks */,
				A0D7D8E01A232A8D003D2E61 /* Security.framework in Frameworks */,
				A0D7D8DE1A232A81003D2E61 /* QuartzCore.framework in Frameworks */,
				A0D7D8F01A232CF8003D2E61 /* FacebookSDK.framework in Frameworks */,
				A0D7D8DC1A232A76003D2E61 /* MobileCoreServices.framework in Frameworks */,
				A0D7D8DA1A232A68003D2E61 /* libz.dylib in Frameworks */,
				A0D7D8D61A232A43003D2E61 /* CoreGraphics.framework in Frameworks */,
				A0D7D8D41A232A3A003D2E61 /* CFNetwork.framework in Frameworks */,
				A0D7D8D21A232A1E003D2E61 /* AudioToolbox.framework in Frameworks */,
				A0D7D8CF1A2329BD003D2E61 /* Parse.framework in Frameworks */,
				A0D7D8CE1A2329BD003D2E61 /* Bolts.framework in Frameworks */,
				A0D7D8D01A2329BD003D2E61 /* ParseFacebookUtils.framework in Frameworks */,
			);
			runOnlyForDeploymentPostprocessing = 0;
		};
		A0D7D8B71A232988003D2E61 /* Frameworks */ = {
			isa = PBXFrameworksBuildPhase;
			buildActionMask = 2147483647;
			files = (
			);
			runOnlyForDeploymentPostprocessing = 0;
		};
/* End PBXFrameworksBuildPhase section */

/* Begin PBXGroup section */
		A08717C91A242F8500378291 /* ExSwift */ = {
			isa = PBXGroup;
			children = (
			);
			name = ExSwift;
			sourceTree = "<group>";
		};
		A0D7D89C1A232988003D2E61 = {
			isa = PBXGroup;
			children = (
				A08717E11A24305900378291 /* myPG.playground */,
				A0D7D8A71A232988003D2E61 /* bazr */,
				A0D7D8F11A232EC6003D2E61 /* Vendor */,
				A0D7D8CA1A2329A3003D2E61 /* Frameworks */,
				A0D7D8BD1A232988003D2E61 /* bazrTests */,
				A0D7D8A61A232988003D2E61 /* Products */,
			);
			sourceTree = "<group>";
		};
		A0D7D8A61A232988003D2E61 /* Products */ = {
			isa = PBXGroup;
			children = (
				A0D7D8A51A232988003D2E61 /* bazr.app */,
				A0D7D8BA1A232988003D2E61 /* bazrTests.xctest */,
			);
			name = Products;
			sourceTree = "<group>";
		};
		A0D7D8A71A232988003D2E61 /* bazr */ = {
			isa = PBXGroup;
			children = (
				A0D7D8AA1A232988003D2E61 /* AppDelegate.swift */,
				A0D7D8EE1A232C01003D2E61 /* Controllers */,
				A0D7D8AE1A232988003D2E61 /* Main.storyboard */,
				A0D7D8B11A232988003D2E61 /* Images.xcassets */,
				A0D7D8B31A232988003D2E61 /* LaunchScreen.xib */,
				A0D7D8A81A232988003D2E61 /* Supporting Files */,
			);
			path = bazr;
			sourceTree = "<group>";
		};
		A0D7D8A81A232988003D2E61 /* Supporting Files */ = {
			isa = PBXGroup;
			children = (
				A0D7D8EB1A232B58003D2E61 /* bazr-Bridging-Header.h */,
				A0D7D8A91A232988003D2E61 /* Info.plist */,
			);
			name = "Supporting Files";
			sourceTree = "<group>";
		};
		A0D7D8BD1A232988003D2E61 /* bazrTests */ = {
			isa = PBXGroup;
			children = (
				A0D7D8C01A232988003D2E61 /* bazrTests.swift */,
				A0D7D8BE1A232988003D2E61 /* Supporting Files */,
			);
			path = bazrTests;
			sourceTree = "<group>";
		};
		A0D7D8BE1A232988003D2E61 /* Supporting Files */ = {
			isa = PBXGroup;
			children = (
				A0D7D8BF1A232988003D2E61 /* Info.plist */,
			);
			name = "Supporting Files";
			sourceTree = "<group>";
		};
		A0D7D8CA1A2329A3003D2E61 /* Frameworks */ = {
			isa = PBXGroup;
			children = (
				A0D7D8EF1A232CF8003D2E61 /* FacebookSDK.framework */,
				A0D7D8E91A232B02003D2E61 /* MapKit.framework */,
				A0D7D8E71A232AF4003D2E61 /* UIKit.framework */,
				A0D7D8E51A232AEC003D2E61 /* Foundation.framework */,
				A0D7D8E31A232A9E003D2E61 /* SystemConfiguration.framework */,
				A0D7D8E11A232A94003D2E61 /* StoreKit.framework */,
				A0D7D8DF1A232A8D003D2E61 /* Security.framework */,
				A0D7D8DD1A232A81003D2E61 /* QuartzCore.framework */,
				A0D7D8DB1A232A76003D2E61 /* MobileCoreServices.framework */,
				A0D7D8D91A232A68003D2E61 /* libz.dylib */,
				A0D7D8D71A232A4D003D2E61 /* CoreLocation.framework */,
				A0D7D8D51A232A43003D2E61 /* CoreGraphics.framework */,
				A0D7D8D31A232A3A003D2E61 /* CFNetwork.framework */,
				A0D7D8D11A232A1E003D2E61 /* AudioToolbox.framework */,
				A0D7D8CB1A2329BD003D2E61 /* Bolts.framework */,
				A0D7D8CC1A2329BD003D2E61 /* Parse.framework */,
				A0D7D8CD1A2329BD003D2E61 /* ParseFacebookUtils.framework */,
			);
			name = Frameworks;
			sourceTree = "<group>";
		};
		A0D7D8EE1A232C01003D2E61 /* Controllers */ = {
			isa = PBXGroup;
			children = (
				A0D7D8AC1A232988003D2E61 /* LandingViewController.swift */,
				A0D7D8FE1A233223003D2E61 /* Main */,
				A0D7D8FD1A232FCF003D2E61 /* UserAuth */,
			);
			name = Controllers;
			sourceTree = "<group>";
		};
		A0D7D8F11A232EC6003D2E61 /* Vendor */ = {
			isa = PBXGroup;
			children = (
				A08717C91A242F8500378291 /* ExSwift */,
				A0D7D8FC1A232F13003D2E61 /* MaterialKit */,
			);
			name = Vendor;
			sourceTree = "<group>";
		};
		A0D7D8FC1A232F13003D2E61 /* MaterialKit */ = {
			isa = PBXGroup;
			children = (
				A0D7D8F21A232EEA003D2E61 /* MKButton.swift */,
				A0D7D8F31A232EEA003D2E61 /* MKColor.swift */,
				A0D7D8F41A232EEA003D2E61 /* MKLayer.swift */,
				A0D7D8F51A232EEA003D2E61 /* MKTableViewCell.swift */,
				A0D7D8F61A232EEA003D2E61 /* MKTextField.swift */,
			);
			name = MaterialKit;
			sourceTree = "<group>";
		};
		A0D7D8FD1A232FCF003D2E61 /* UserAuth */ = {
			isa = PBXGroup;
			children = (
			);
			name = UserAuth;
			sourceTree = "<group>";
		};
		A0D7D8FE1A233223003D2E61 /* Main */ = {
			isa = PBXGroup;
			children = (
				A0D7D8FF1A233256003D2E61 /* MainViewController.swift */,
			);
			name = Main;
			sourceTree = "<group>";
		};
/* End PBXGroup section */

/* Begin PBXNativeTarget section */
		A0D7D8A41A232988003D2E61 /* bazr */ = {
			isa = PBXNativeTarget;
			buildConfigurationList = A0D7D8C41A232988003D2E61 /* Build configuration list for PBXNativeTarget "bazr" */;
			buildPhases = (
				A0D7D8A11A232988003D2E61 /* Sources */,
				A0D7D8A21A232988003D2E61 /* Frameworks */,
				A0D7D8A31A232988003D2E61 /* Resources */,
			);
			buildRules = (
			);
			dependencies = (
			);
			name = bazr;
			productName = bazr;
			productReference = A0D7D8A51A232988003D2E61 /* bazr.app */;
			productType = "com.apple.product-type.application";
		};
		A0D7D8B91A232988003D2E61 /* bazrTests */ = {
			isa = PBXNativeTarget;
			buildConfigurationList = A0D7D8C71A232988003D2E61 /* Build configuration list for PBXNativeTarget "bazrTests" */;
			buildPhases = (
				A0D7D8B61A232988003D2E61 /* Sources */,
				A0D7D8B71A232988003D2E61 /* Frameworks */,
				A0D7D8B81A232988003D2E61 /* Resources */,
			);
			buildRules = (
			);
			dependencies = (
				A0D7D8BC1A232988003D2E61 /* PBXTargetDependency */,
			);
			name = bazrTests;
			productName = bazrTests;
			productReference = A0D7D8BA1A232988003D2E61 /* bazrTests.xctest */;
			productType = "com.apple.product-type.bundle.unit-test";
		};
/* End PBXNativeTarget section */

/* Begin PBXProject section */
		A0D7D89D1A232988003D2E61 /* Project object */ = {
			isa = PBXProject;
			attributes = {
				LastUpgradeCheck = 0610;
				ORGANIZATIONNAME = jlynch.co;
				TargetAttributes = {
					A0D7D8A41A232988003D2E61 = {
						CreatedOnToolsVersion = 6.1;
					};
					A0D7D8B91A232988003D2E61 = {
						CreatedOnToolsVersion = 6.1;
						TestTargetID = A0D7D8A41A232988003D2E61;
					};
				};
			};
			buildConfigurationList = A0D7D8A01A232988003D2E61 /* Build configuration list for PBXProject "bazr" */;
			compatibilityVersion = "Xcode 3.2";
			developmentRegion = English;
			hasScannedForEncodings = 0;
			knownRegions = (
				en,
				Base,
			);
			mainGroup = A0D7D89C1A232988003D2E61;
			productRefGroup = A0D7D8A61A232988003D2E61 /* Products */;
			projectDirPath = "";
			projectRoot = "";
			targets = (
				A0D7D8A41A232988003D2E61 /* bazr */,
				A0D7D8B91A232988003D2E61 /* bazrTests */,
			);
		};
/* End PBXProject section */

/* Begin PBXResourcesBuildPhase section */
		A0D7D8A31A232988003D2E61 /* Resources */ = {
			isa = PBXResourcesBuildPhase;
			buildActionMask = 2147483647;
			files = (
				A0D7D8B01A232988003D2E61 /* Main.storyboard in Resources */,
				A0D7D8B51A232988003D2E61 /* LaunchScreen.xib in Resources */,
				A0D7D8B21A232988003D2E61 /* Images.xcassets in Resources */,
			);
			runOnlyForDeploymentPostprocessing = 0;
		};
		A0D7D8B81A232988003D2E61 /* Resources */ = {
			isa = PBXResourcesBuildPhase;
			buildActionMask = 2147483647;
			files = (
			);
			runOnlyForDeploymentPostprocessing = 0;
		};
/* End PBXResourcesBuildPhase section */

/* Begin PBXSourcesBuildPhase section */
		A0D7D8A11A232988003D2E61 /* Sources */ = {
			isa = PBXSourcesBuildPhase;
			buildActionMask = 2147483647;
			files = (
				A0D7D8F71A232EEA003D2E61 /* MKButton.swift in Sources */,
				A0D7D8F91A232EEA003D2E61 /* MKLayer.swift in Sources */,
				A0D7D8FB1A232EEA003D2E61 /* MKTextField.swift in Sources */,
				A0D7D8AD1A232988003D2E61 /* LandingViewController.swift in Sources */,
				A0D7D8AB1A232988003D2E61 /* AppDelegate.swift in Sources */,
				A0D7D8F81A232EEA003D2E61 /* MKColor.swift in Sources */,
				A0D7D8FA1A232EEA003D2E61 /* MKTableViewCell.swift in Sources */,
				A0D7D9001A233256003D2E61 /* MainViewController.swift in Sources */,
			);
			runOnlyForDeploymentPostprocessing = 0;
		};
		A0D7D8B61A232988003D2E61 /* Sources */ = {
			isa = PBXSourcesBuildPhase;
			buildActionMask = 2147483647;
			files = (
				A0D7D8C11A232988003D2E61 /* bazrTests.swift in Sources */,
			);
			runOnlyForDeploymentPostprocessing = 0;
		};
/* End PBXSourcesBuildPhase section */

/* Begin PBXTargetDependency section */
		A0D7D8BC1A232988003D2E61 /* PBXTargetDependency */ = {
			isa = PBXTargetDependency;
			target = A0D7D8A41A232988003D2E61 /* bazr */;
			targetProxy = A0D7D8BB1A232988003D2E61 /* PBXContainerItemProxy */;
		};
/* End PBXTargetDependency section */

/* Begin PBXVariantGroup section */
		A0D7D8AE1A232988003D2E61 /* Main.storyboard */ = {
			isa = PBXVariantGroup;
			children = (
				A0D7D8AF1A232988003D2E61 /* Base */,
			);
			name = Main.storyboard;
			sourceTree = "<group>";
		};
		A0D7D8B31A232988003D2E61 /* LaunchScreen.xib */ = {
			isa = PBXVariantGroup;
			children = (
				A0D7D8B41A232988003D2E61 /* Base */,
			);
			name = LaunchScreen.xib;
			sourceTree = "<group>";
		};
/* End PBXVariantGroup section */

/* Begin XCBuildConfiguration section */
		A0D7D8C21A232988003D2E61 /* Debug */ = {
			isa = XCBuildConfiguration;
			buildSettings = {
				ALWAYS_SEARCH_USER_PATHS = NO;
				CLANG_CXX_LANGUAGE_STANDARD = "gnu++0x";
				CLANG_CXX_LIBRARY = "libc++";
				CLANG_ENABLE_MODULES = YES;
				CLANG_ENABLE_OBJC_ARC = YES;
				CLANG_WARN_BOOL_CONVERSION = YES;
				CLANG_WARN_CONSTANT_CONVERSION = YES;
				CLANG_WARN_DIRECT_OBJC_ISA_USAGE = YES_ERROR;
				CLANG_WARN_EMPTY_BODY = YES;
				CLANG_WARN_ENUM_CONVERSION = YES;
				CLANG_WARN_INT_CONVERSION = YES;
				CLANG_WARN_OBJC_ROOT_CLASS = YES_ERROR;
				CLANG_WARN_UNREACHABLE_CODE = YES;
				CLANG_WARN__DUPLICATE_METHOD_MATCH = YES;
				"CODE_SIGN_IDENTITY[sdk=iphoneos*]" = "iPhone Developer";
				COPY_PHASE_STRIP = NO;
				ENABLE_STRICT_OBJC_MSGSEND = YES;
				GCC_C_LANGUAGE_STANDARD = gnu99;
				GCC_DYNAMIC_NO_PIC = NO;
				GCC_OPTIMIZATION_LEVEL = 0;
				GCC_PREPROCESSOR_DEFINITIONS = (
					"DEBUG=1",
					"$(inherited)",
				);
				GCC_SYMBOLS_PRIVATE_EXTERN = NO;
				GCC_WARN_64_TO_32_BIT_CONVERSION = YES;
				GCC_WARN_ABOUT_RETURN_TYPE = YES_ERROR;
				GCC_WARN_UNDECLARED_SELECTOR = YES;
				GCC_WARN_UNINITIALIZED_AUTOS = YES_AGGRESSIVE;
				GCC_WARN_UNUSED_FUNCTION = YES;
				GCC_WARN_UNUSED_VARIABLE = YES;
				IPHONEOS_DEPLOYMENT_TARGET = 8.1;
				MTL_ENABLE_DEBUG_INFO = YES;
				ONLY_ACTIVE_ARCH = YES;
				SDKROOT = iphoneos;
				SWIFT_OPTIMIZATION_LEVEL = "-Onone";
			};
			name = Debug;
		};
		A0D7D8C31A232988003D2E61 /* Release */ = {
			isa = XCBuildConfiguration;
			buildSettings = {
				ALWAYS_SEARCH_USER_PATHS = NO;
				CLANG_CXX_LANGUAGE_STANDARD = "gnu++0x";
				CLANG_CXX_LIBRARY = "libc++";
				CLANG_ENABLE_MODULES = YES;
				CLANG_ENABLE_OBJC_ARC = YES;
				CLANG_WARN_BOOL_CONVERSION = YES;
				CLANG_WARN_CONSTANT_CONVERSION = YES;
				CLANG_WARN_DIRECT_OBJC_ISA_USAGE = YES_ERROR;
				CLANG_WARN_EMPTY_BODY = YES;
				CLANG_WARN_ENUM_CONVERSION = YES;
				CLANG_WARN_INT_CONVERSION = YES;
				CLANG_WARN_OBJC_ROOT_CLASS = YES_ERROR;
				CLANG_WARN_UNREACHABLE_CODE = YES;
				CLANG_WARN__DUPLICATE_METHOD_MATCH = YES;
				"CODE_SIGN_IDENTITY[sdk=iphoneos*]" = "iPhone Developer";
				COPY_PHASE_STRIP = YES;
				ENABLE_NS_ASSERTIONS = NO;
				ENABLE_STRICT_OBJC_MSGSEND = YES;
				GCC_C_LANGUAGE_STANDARD = gnu99;
				GCC_WARN_64_TO_32_BIT_CONVERSION = YES;
				GCC_WARN_ABOUT_RETURN_TYPE = YES_ERROR;
				GCC_WARN_UNDECLARED_SELECTOR = YES;
				GCC_WARN_UNINITIALIZED_AUTOS = YES_AGGRESSIVE;
				GCC_WARN_UNUSED_FUNCTION = YES;
				GCC_WARN_UNUSED_VARIABLE = YES;
				IPHONEOS_DEPLOYMENT_TARGET = 8.1;
				MTL_ENABLE_DEBUG_INFO = NO;
				SDKROOT = iphoneos;
				VALIDATE_PRODUCT = YES;
			};
			name = Release;
		};
		A0D7D8C51A232988003D2E61 /* Debug */ = {
			isa = XCBuildConfiguration;
			buildSettings = {
				ASSETCATALOG_COMPILER_APPICON_NAME = AppIcon;
				CLANG_ENABLE_MODULES = YES;
				FRAMEWORK_SEARCH_PATHS = (
					"$(inherited)",
					"$(PROJECT_DIR)",
				);
				INFOPLIST_FILE = bazr/Info.plist;
				LD_RUNPATH_SEARCH_PATHS = "$(inherited) @executable_path/Frameworks";
				PRODUCT_NAME = "$(TARGET_NAME)";
				SWIFT_OBJC_BRIDGING_HEADER = "bazr/bazr-Bridging-Header.h";
				SWIFT_OPTIMIZATION_LEVEL = "-Onone";
			};
			name = Debug;
		};
		A0D7D8C61A232988003D2E61 /* Release */ = {
			isa = XCBuildConfiguration;
			buildSettings = {
				ASSETCATALOG_COMPILER_APPICON_NAME = AppIcon;
				CLANG_ENABLE_MODULES = YES;
				FRAMEWORK_SEARCH_PATHS = (
					"$(inherited)",
					"$(PROJECT_DIR)",
				);
				INFOPLIST_FILE = bazr/Info.plist;
				LD_RUNPATH_SEARCH_PATHS = "$(inherited) @executable_path/Frameworks";
				PRODUCT_NAME = "$(TARGET_NAME)";
				SWIFT_OBJC_BRIDGING_HEADER = "bazr/bazr-Bridging-Header.h";
			};
			name = Release;
		};
		A0D7D8C81A232988003D2E61 /* Debug */ = {
			isa = XCBuildConfiguration;
			buildSettings = {
				BUNDLE_LOADER = "$(TEST_HOST)";
				FRAMEWORK_SEARCH_PATHS = (
					"$(SDKROOT)/Developer/Library/Frameworks",
					"$(inherited)",
				);
				GCC_PREPROCESSOR_DEFINITIONS = (
					"DEBUG=1",
					"$(inherited)",
				);
				INFOPLIST_FILE = bazrTests/Info.plist;
				LD_RUNPATH_SEARCH_PATHS = "$(inherited) @executable_path/Frameworks @loader_path/Frameworks";
				PRODUCT_NAME = "$(TARGET_NAME)";
				TEST_HOST = "$(BUILT_PRODUCTS_DIR)/bazr.app/bazr";
			};
			name = Debug;
		};
		A0D7D8C91A232988003D2E61 /* Release */ = {
			isa = XCBuildConfiguration;
			buildSettings = {
				BUNDLE_LOADER = "$(TEST_HOST)";
				FRAMEWORK_SEARCH_PATHS = (
					"$(SDKROOT)/Developer/Library/Frameworks",
					"$(inherited)",
				);
				INFOPLIST_FILE = bazrTests/Info.plist;
				LD_RUNPATH_SEARCH_PATHS = "$(inherited) @executable_path/Frameworks @loader_path/Frameworks";
				PRODUCT_NAME = "$(TARGET_NAME)";
				TEST_HOST = "$(BUILT_PRODUCTS_DIR)/bazr.app/bazr";
			};
			name = Release;
		};
/* End XCBuildConfiguration section */

/* Begin XCConfigurationList section */
		A0D7D8A01A232988003D2E61 /* Build configuration list for PBXProject "bazr" */ = {
			isa = XCConfigurationList;
			buildConfigurations = (
				A0D7D8C21A232988003D2E61 /* Debug */,
				A0D7D8C31A232988003D2E61 /* Release */,
			);
			defaultConfigurationIsVisible = 0;
			defaultConfigurationName = Release;
		};
		A0D7D8C41A232988003D2E61 /* Build configuration list for PBXNativeTarget "bazr" */ = {
			isa = XCConfigurationList;
			buildConfigurations = (
				A0D7D8C51A232988003D2E61 /* Debug */,
				A0D7D8C61A232988003D2E61 /* Release */,
			);
			defaultConfigurationIsVisible = 0;
			defaultConfigurationName = Release;
		};
		A0D7D8C71A232988003D2E61 /* Build configuration list for PBXNativeTarget "bazrTests" */ = {
			isa = XCConfigurationList;
			buildConfigurations = (
				A0D7D8C81A232988003D2E61 /* Debug */,
				A0D7D8C91A232988003D2E61 /* Release */,
			);
			defaultConfigurationIsVisible = 0;
			defaultConfigurationName = Release;
		};
/* End XCConfigurationList section */
	};
	rootObject = A0D7D89D1A232988003D2E61 /* Project object */;
}
